
Microsoft Visual Studio Solution File, Format Version 12.00
# Visual Studio Version 17
VisualStudioVersion = 17.9.34622.214
MinimumVisualStudioVersion = 10.0.40219.1
Project("{FAE04EC0-301F-11D3-BF4B-00C04F79EFBC}") = "AzureOpenAI_Bots", "AzureOpenAI_Bots\AzureOpenAI_Bots.csproj", "{3CDE6056-48B5-4A85-8F27-00901DD0CC81}"
EndProject 
Global
	GlobalSection(SolutionConfigurationPlatforms) = preSolution
		Debug|Any CPU = Debug|Any CPU
		Release|Any CPU = Release|Any CPU
	EndGlobalSection
	GlobalSection(ProjectConfigurationPlatforms) = postSolution
		{3CDE6056-48B5-4A85-8F27-00901DD0CC81}.Debug|Any CPU.ActiveCfg = Debug|Any CPU
		{3CDE6056-48B5-4A85-8F27-00901DD0CC81}.Debug|Any CPU.Build.0 = Debug|Any CPU
		{3CDE6056-48B5-4A85-8F27-00901DD0CC81}.Release|Any CPU.ActiveCfg = Release|Any CPU
		{3CDE6056-48B5-4A85-8F27-00901DD0CC81}.Release|Any CPU.Build.0 = Release|Any CPU
	EndGlobalSection
	GlobalSection(SolutionProperties) = preSolution
		HideSolutionNode = FALSE
	EndGlobalSection
	GlobalSection(ExtensibilityGlobals) = postSolution
		SolutionGuid = {59D77CEA-550F-4A8C-9BDB-BB1CBD6731BC}
	EndGlobalSection
EndGlobal
